{
    "requires": true,
    "lockfileVersion": 1,
    "dependencies": {
        "awesome-bootstrap-checkbox": {
            "version": "1.0.1",
            "resolved": "https://registry.npmjs.org/awesome-bootstrap-checkbox/-/awesome-bootstrap-checkbox-1.0.1.tgz",
            "integrity": "sha1-2rEBRrYAESmrCg7B5Uu3fGwwRXo="
        },
        "jquery": {
            "version": "3.3.1",
            "resolved": "https://registry.npmjs.org/jquery/-/jquery-3.3.1.tgz",
            "integrity": "sha512-Ubldcmxp5np52/ENotGxlLe6aGMvmF4R8S6tZjsP6Knsaxd/xp3Zrh50cG93lR6nPXyUFwzN3ZSOQI0wRJNdGg==",
            "dev": true
        }
    }
}
