{
    "requires": true,
    "lockfileVersion": 1,
    "dependencies": {
        "awesome-bootstrap-checkbox": {
            "version": "1.0.1",
            "resolved": "https://registry.npmjs.org/awesome-bootstrap-checkbox/-/awesome-bootstrap-checkbox-1.0.1.tgz",
            "integrity": "sha1-2rEBRrYAESmrCg7B5Uu3fGwwRXo="
        }
    }
}
